// !$*UTF8*$!
{
	archiveVersion = 1;
	classes = {
	};
	objectVersion = 50;
	objects = {

/* Begin PBXBuildFile section */
		BB02DBD423BE532E00F41258 /* CustomLabel.swift in Sources */ = {isa = PBXBuildFile; fileRef = BB02DBD323BE532E00F41258 /* CustomLabel.swift */; };
		BB02DBD823BE698800F41258 /* zoneChart+AdditionalCharges.swift in Sources */ = {isa = PBXBuildFile; fileRef = BB02DBD723BE698800F41258 /* zoneChart+AdditionalCharges.swift */; };
		BB3C0BB023BFA76000812DBF /* StringExt.swift in Sources */ = {isa = PBXBuildFile; fileRef = BB3C0BAF23BFA76000812DBF /* StringExt.swift */; };
		BB3F749623BA578A00C46E00 /* AppDelegate.swift in Sources */ = {isa = PBXBuildFile; fileRef = BB3F749523BA578A00C46E00 /* AppDelegate.swift */; };
		BB3F749823BA578A00C46E00 /* SceneDelegate.swift in Sources */ = {isa = PBXBuildFile; fileRef = BB3F749723BA578A00C46E00 /* SceneDelegate.swift */; };
		BB3F749A23BA578A00C46E00 /* ViewController.swift in Sources */ = {isa = PBXBuildFile; fileRef = BB3F749923BA578A00C46E00 /* ViewController.swift */; };
		BB3F749D23BA578A00C46E00 /* Main.storyboard in Resources */ = {isa = PBXBuildFile; fileRef = BB3F749B23BA578A00C46E00 /* Main.storyboard */; };
		BB3F749F23BA578C00C46E00 /* Assets.xcassets in Resources */ = {isa = PBXBuildFile; fileRef = BB3F749E23BA578C00C46E00 /* Assets.xcassets */; };
		BB3F74A223BA578C00C46E00 /* LaunchScreen.storyboard in Resources */ = {isa = PBXBuildFile; fileRef = BB3F74A023BA578C00C46E00 /* LaunchScreen.storyboard */; };
		BB3F74AA23BA5D7F00C46E00 /* ViewControllerExtension.swift in Sources */ = {isa = PBXBuildFile; fileRef = BB3F74A923BA5D7F00C46E00 /* ViewControllerExtension.swift */; };
		BB3F74AC23BA65FB00C46E00 /* CustomSearchTF.swift in Sources */ = {isa = PBXBuildFile; fileRef = BB3F74AB23BA65FB00C46E00 /* CustomSearchTF.swift */; };
		BB3F74AE23BBC0CE00C46E00 /* ViewRateViewController.swift in Sources */ = {isa = PBXBuildFile; fileRef = BB3F74AD23BBC0CE00C46E00 /* ViewRateViewController.swift */; };
/* End PBXBuildFile section */

/* Begin PBXFileReference section */
		BB02DBD323BE532E00F41258 /* CustomLabel.swift */ = {isa = PBXFileReference; lastKnownFileType = sourcecode.swift; path = CustomLabel.swift; sourceTree = "<group>"; };
		BB02DBD723BE698800F41258 /* zoneChart+AdditionalCharges.swift */ = {isa = PBXFileReference; lastKnownFileType = sourcecode.swift; path = "zoneChart+AdditionalCharges.swift"; sourceTree = "<group>"; };
		BB3C0BAF23BFA76000812DBF /* StringExt.swift */ = {isa = PBXFileReference; lastKnownFileType = sourcecode.swift; path = StringExt.swift; sourceTree = "<group>"; };
		BB3F749223BA578A00C46E00 /* ROK Transport Rate.app */ = {isa = PBXFileReference; explicitFileType = wrapper.application; includeInIndex = 0; path = "ROK Transport Rate.app"; sourceTree = BUILT_PRODUCTS_DIR; };
		BB3F749523BA578A00C46E00 /* AppDelegate.swift */ = {isa = PBXFileReference; lastKnownFileType = sourcecode.swift; path = AppDelegate.swift; sourceTree = "<group>"; };
		BB3F749723BA578A00C46E00 /* SceneDelegate.swift */ = {isa = PBXFileReference; lastKnownFileType = sourcecode.swift; path = SceneDelegate.swift; sourceTree = "<group>"; };
		BB3F749923BA578A00C46E00 /* ViewController.swift */ = {isa = PBXFileReference; lastKnownFileType = sourcecode.swift; path = ViewController.swift; sourceTree = "<group>"; };
		BB3F749C23BA578A00C46E00 /* Base */ = {isa = PBXFileReference; lastKnownFileType = file.storyboard; name = Base; path = Base.lproj/Main.storyboard; sourceTree = "<group>"; };
		BB3F749E23BA578C00C46E00 /* Assets.xcassets */ = {isa = PBXFileReference; lastKnownFileType = folder.assetcatalog; path = Assets.xcassets; sourceTree = "<group>"; };
		BB3F74A123BA578C00C46E00 /* Base */ = {isa = PBXFileReference; lastKnownFileType = file.storyboard; name = Base; path = Base.lproj/LaunchScreen.storyboard; sourceTree = "<group>"; };
		BB3F74A323BA578C00C46E00 /* Info.plist */ = {isa = PBXFileReference; lastKnownFileType = text.plist.xml; path = Info.plist; sourceTree = "<group>"; };
		BB3F74A923BA5D7F00C46E00 /* ViewControllerExtension.swift */ = {isa = PBXFileReference; lastKnownFileType = sourcecode.swift; path = ViewControllerExtension.swift; sourceTree = "<group>"; };
		BB3F74AB23BA65FB00C46E00 /* CustomSearchTF.swift */ = {isa = PBXFileReference; lastKnownFileType = sourcecode.swift; path = CustomSearchTF.swift; sourceTree = "<group>"; };
		BB3F74AD23BBC0CE00C46E00 /* ViewRateViewController.swift */ = {isa = PBXFileReference; lastKnownFileType = sourcecode.swift; path = ViewRateViewController.swift; sourceTree = "<group>"; };
/* End PBXFileReference section */

/* Begin PBXFrameworksBuildPhase section */
		BB3F748F23BA578A00C46E00 /* Frameworks */ = {
			isa = PBXFrameworksBuildPhase;
			buildActionMask = 2147483647;
			files = (
			);
			runOnlyForDeploymentPostprocessing = 0;
		};
/* End PBXFrameworksBuildPhase section */

/* Begin PBXGroup section */
		BB3C0BB123BFA78E00812DBF /* ViewControllers */ = {
			isa = PBXGroup;
			children = (
				BB3F749923BA578A00C46E00 /* ViewController.swift */,
				BB3F74A923BA5D7F00C46E00 /* ViewControllerExtension.swift */,
				BB3F74AD23BBC0CE00C46E00 /* ViewRateViewController.swift */,
			);
			path = ViewControllers;
			sourceTree = "<group>";
		};
		BB3C0BB223BFA7A700812DBF /* Custom Objects */ = {
			isa = PBXGroup;
			children = (
				BB3F74AB23BA65FB00C46E00 /* CustomSearchTF.swift */,
				BB02DBD323BE532E00F41258 /* CustomLabel.swift */,
			);
			path = "Custom Objects";
			sourceTree = "<group>";
		};
		BB3C0BB323BFA7BC00812DBF /* Helpers */ = {
			isa = PBXGroup;
			children = (
				BB02DBD723BE698800F41258 /* zoneChart+AdditionalCharges.swift */,
				BB3C0BAF23BFA76000812DBF /* StringExt.swift */,
			);
			path = Helpers;
			sourceTree = "<group>";
		};
		BB3F748923BA578A00C46E00 = {
			isa = PBXGroup;
			children = (
				BB3F749423BA578A00C46E00 /* ROK Transport Rate */,
				BB3F749323BA578A00C46E00 /* Products */,
			);
			sourceTree = "<group>";
		};
		BB3F749323BA578A00C46E00 /* Products */ = {
			isa = PBXGroup;
			children = (
				BB3F749223BA578A00C46E00 /* ROK Transport Rate.app */,
			);
			name = Products;
			sourceTree = "<group>";
		};
		BB3F749423BA578A00C46E00 /* ROK Transport Rate */ = {
			isa = PBXGroup;
			children = (
				BB3F749523BA578A00C46E00 /* AppDelegate.swift */,
				BB3F749723BA578A00C46E00 /* SceneDelegate.swift */,
				BB3C0BB123BFA78E00812DBF /* ViewControllers */,
				BB3C0BB223BFA7A700812DBF /* Custom Objects */,
				BB3C0BB323BFA7BC00812DBF /* Helpers */,
				BB3F749B23BA578A00C46E00 /* Main.storyboard */,
				BB3F749E23BA578C00C46E00 /* Assets.xcassets */,
				BB3F74A023BA578C00C46E00 /* LaunchScreen.storyboard */,
				BB3F74A323BA578C00C46E00 /* Info.plist */,
			);
			path = "ROK Transport Rate";
			sourceTree = "<group>";
		};
/* End PBXGroup section */

/* Begin PBXNativeTarget section */
		BB3F749123BA578A00C46E00 /* ROK Transport Rate */ = {
			isa = PBXNativeTarget;
			buildConfigurationList = BB3F74A623BA578C00C46E00 /* Build configuration list for PBXNativeTarget "ROK Transport Rate" */;
			buildPhases = (
				BB3F748E23BA578A00C46E00 /* Sources */,
				BB3F748F23BA578A00C46E00 /* Frameworks */,
				BB3F749023BA578A00C46E00 /* Resources */,
			);
			buildRules = (
			);
			dependencies = (
			);
			name = "ROK Transport Rate";
			productName = "ROK Transport Rate";
			productReference = BB3F749223BA578A00C46E00 /* ROK Transport Rate.app */;
			productType = "com.apple.product-type.application";
		};
/* End PBXNativeTarget section */

/* Begin PBXProject section */
		BB3F748A23BA578A00C46E00 /* Project object */ = {
			isa = PBXProject;
			attributes = {
				LastSwiftUpdateCheck = 1130;
				LastUpgradeCheck = 1130;
				ORGANIZATIONNAME = chingoo;
				TargetAttributes = {
					BB3F749123BA578A00C46E00 = {
						CreatedOnToolsVersion = 11.3;
					};
				};
			};
			buildConfigurationList = BB3F748D23BA578A00C46E00 /* Build configuration list for PBXProject "ROK Transport Rate" */;
			compatibilityVersion = "Xcode 9.3";
			developmentRegion = en;
			hasScannedForEncodings = 0;
			knownRegions = (
				en,
				Base,
			);
			mainGroup = BB3F748923BA578A00C46E00;
			productRefGroup = BB3F749323BA578A00C46E00 /* Products */;
			projectDirPath = "";
			projectRoot = "";
			targets = (
				BB3F749123BA578A00C46E00 /* ROK Transport Rate */,
			);
		};
/* End PBXProject section */

/* Begin PBXResourcesBuildPhase section */
		BB3F749023BA578A00C46E00 /* Resources */ = {
			isa = PBXResourcesBuildPhase;
			buildActionMask = 2147483647;
			files = (
				BB3F74A223BA578C00C46E00 /* LaunchScreen.storyboard in Resources */,
				BB3F749F23BA578C00C46E00 /* Assets.xcassets in Resources */,
				BB3F749D23BA578A00C46E00 /* Main.storyboard in Resources */,
			);
			runOnlyForDeploymentPostprocessing = 0;
		};
/* End PBXResourcesBuildPhase section */

/* Begin PBXSourcesBuildPhase section */
		BB3F748E23BA578A00C46E00 /* Sources */ = {
			isa = PBXSourcesBuildPhase;
			buildActionMask = 2147483647;
			files = (
				BB3F74AA23BA5D7F00C46E00 /* ViewControllerExtension.swift in Sources */,
				BB3F749A23BA578A00C46E00 /* ViewController.swift in Sources */,
				BB3F749623BA578A00C46E00 /* AppDelegate.swift in Sources */,
				BB02DBD423BE532E00F41258 /* CustomLabel.swift in Sources */,
				BB3C0BB023BFA76000812DBF /* StringExt.swift in Sources */,
				BB3F74AC23BA65FB00C46E00 /* CustomSearchTF.swift in Sources */,
				BB3F749823BA578A00C46E00 /* SceneDelegate.swift in Sources */,
				BB02DBD823BE698800F41258 /* zoneChart+AdditionalCharges.swift in Sources */,
				BB3F74AE23BBC0CE00C46E00 /* ViewRateViewController.swift in Sources */,
			);
			runOnlyForDeploymentPostprocessing = 0;
		};
/* End PBXSourcesBuildPhase section */

/* Begin PBXVariantGroup section */
		BB3F749B23BA578A00C46E00 /* Main.storyboard */ = {
			isa = PBXVariantGroup;
			children = (
				BB3F749C23BA578A00C46E00 /* Base */,
			);
			name = Main.storyboard;
			sourceTree = "<group>";
		};
		BB3F74A023BA578C00C46E00 /* LaunchScreen.storyboard */ = {
			isa = PBXVariantGroup;
			children = (
				BB3F74A123BA578C00C46E00 /* Base */,
			);
			name = LaunchScreen.storyboard;
			sourceTree = "<group>";
		};
/* End PBXVariantGroup section */

/* Begin XCBuildConfiguration section */
		BB3F74A423BA578C00C46E00 /* Debug */ = {
			isa = XCBuildConfiguration;
			buildSettings = {
				ALWAYS_SEARCH_USER_PATHS = NO;
				CLANG_ANALYZER_NONNULL = YES;
				CLANG_ANALYZER_NUMBER_OBJECT_CONVERSION = YES_AGGRESSIVE;
				CLANG_CXX_LANGUAGE_STANDARD = "gnu++14";
				CLANG_CXX_LIBRARY = "libc++";
				CLANG_ENABLE_MODULES = YES;
				CLANG_ENABLE_OBJC_ARC = YES;
				CLANG_ENABLE_OBJC_WEAK = YES;
				CLANG_WARN_BLOCK_CAPTURE_AUTORELEASING = YES;
				CLANG_WARN_BOOL_CONVERSION = YES;
				CLANG_WARN_COMMA = YES;
				CLANG_WARN_CONSTANT_CONVERSION = YES;
				CLANG_WARN_DEPRECATED_OBJC_IMPLEMENTATIONS = YES;
				CLANG_WARN_DIRECT_OBJC_ISA_USAGE = YES_ERROR;
				CLANG_WARN_DOCUMENTATION_COMMENTS = YES;
				CLANG_WARN_EMPTY_BODY = YES;
				CLANG_WARN_ENUM_CONVERSION = YES;
				CLANG_WARN_INFINITE_RECURSION = YES;
				CLANG_WARN_INT_CONVERSION = YES;
				CLANG_WARN_NON_LITERAL_NULL_CONVERSION = YES;
				CLANG_WARN_OBJC_IMPLICIT_RETAIN_SELF = YES;
				CLANG_WARN_OBJC_LITERAL_CONVERSION = YES;
				CLANG_WARN_OBJC_ROOT_CLASS = YES_ERROR;
				CLANG_WARN_RANGE_LOOP_ANALYSIS = YES;
				CLANG_WARN_STRICT_PROTOTYPES = YES;
				CLANG_WARN_SUSPICIOUS_MOVE = YES;
				CLANG_WARN_UNGUARDED_AVAILABILITY = YES_AGGRESSIVE;
				CLANG_WARN_UNREACHABLE_CODE = YES;
				CLANG_WARN__DUPLICATE_METHOD_MATCH = YES;
				COPY_PHASE_STRIP = NO;
				DEBUG_INFORMATION_FORMAT = dwarf;
				ENABLE_STRICT_OBJC_MSGSEND = YES;
				ENABLE_TESTABILITY = YES;
				GCC_C_LANGUAGE_STANDARD = gnu11;
				GCC_DYNAMIC_NO_PIC = NO;
				GCC_NO_COMMON_BLOCKS = YES;
				GCC_OPTIMIZATION_LEVEL = 0;
				GCC_PREPROCESSOR_DEFINITIONS = (
					"DEBUG=1",
					"$(inherited)",
				);
				GCC_WARN_64_TO_32_BIT_CONVERSION = YES;
				GCC_WARN_ABOUT_RETURN_TYPE = YES_ERROR;
				GCC_WARN_UNDECLARED_SELECTOR = YES;
				GCC_WARN_UNINITIALIZED_AUTOS = YES_AGGRESSIVE;
				GCC_WARN_UNUSED_FUNCTION = YES;
				GCC_WARN_UNUSED_VARIABLE = YES;
				IPHONEOS_DEPLOYMENT_TARGET = 13.2;
				MTL_ENABLE_DEBUG_INFO = INCLUDE_SOURCE;
				MTL_FAST_MATH = YES;
				ONLY_ACTIVE_ARCH = YES;
				SDKROOT = iphoneos;
				SWIFT_ACTIVE_COMPILATION_CONDITIONS = DEBUG;
				SWIFT_OPTIMIZATION_LEVEL = "-Onone";
			};
			name = Debug;
		};
		BB3F74A523BA578C00C46E00 /* Release */ = {
			isa = XCBuildConfiguration;
			buildSettings = {
				ALWAYS_SEARCH_USER_PATHS = NO;
				CLANG_ANALYZER_NONNULL = YES;
				CLANG_ANALYZER_NUMBER_OBJECT_CONVERSION = YES_AGGRESSIVE;
				CLANG_CXX_LANGUAGE_STANDARD = "gnu++14";
				CLANG_CXX_LIBRARY = "libc++";
				CLANG_ENABLE_MODULES = YES;
				CLANG_ENABLE_OBJC_ARC = YES;
				CLANG_ENABLE_OBJC_WEAK = YES;
				CLANG_WARN_BLOCK_CAPTURE_AUTORELEASING = YES;
				CLANG_WARN_BOOL_CONVERSION = YES;
				CLANG_WARN_COMMA = YES;
				CLANG_WARN_CONSTANT_CONVERSION = YES;
				CLANG_WARN_DEPRECATED_OBJC_IMPLEMENTATIONS = YES;
				CLANG_WARN_DIRECT_OBJC_ISA_USAGE = YES_ERROR;
				CLANG_WARN_DOCUMENTATION_COMMENTS = YES;
				CLANG_WARN_EMPTY_BODY = YES;
				CLANG_WARN_ENUM_CONVERSION = YES;
				CLANG_WARN_INFINITE_RECURSION = YES;
				CLANG_WARN_INT_CONVERSION = YES;
				CLANG_WARN_NON_LITERAL_NULL_CONVERSION = YES;
				CLANG_WARN_OBJC_IMPLICIT_RETAIN_SELF = YES;
				CLANG_WARN_OBJC_LITERAL_CONVERSION = YES;
				CLANG_WARN_OBJC_ROOT_CLASS = YES_ERROR;
				CLANG_WARN_RANGE_LOOP_ANALYSIS = YES;
				CLANG_WARN_STRICT_PROTOTYPES = YES;
				CLANG_WARN_SUSPICIOUS_MOVE = YES;
				CLANG_WARN_UNGUARDED_AVAILABILITY = YES_AGGRESSIVE;
				CLANG_WARN_UNREACHABLE_CODE = YES;
				CLANG_WARN__DUPLICATE_METHOD_MATCH = YES;
				COPY_PHASE_STRIP = NO;
				DEBUG_INFORMATION_FORMAT = "dwarf-with-dsym";
				ENABLE_NS_ASSERTIONS = NO;
				ENABLE_STRICT_OBJC_MSGSEND = YES;
				GCC_C_LANGUAGE_STANDARD = gnu11;
				GCC_NO_COMMON_BLOCKS = YES;
				GCC_WARN_64_TO_32_BIT_CONVERSION = YES;
				GCC_WARN_ABOUT_RETURN_TYPE = YES_ERROR;
				GCC_WARN_UNDECLARED_SELECTOR = YES;
				GCC_WARN_UNINITIALIZED_AUTOS = YES_AGGRESSIVE;
				GCC_WARN_UNUSED_FUNCTION = YES;
				GCC_WARN_UNUSED_VARIABLE = YES;
				IPHONEOS_DEPLOYMENT_TARGET = 13.2;
				MTL_ENABLE_DEBUG_INFO = NO;
				MTL_FAST_MATH = YES;
				SDKROOT = iphoneos;
				SWIFT_COMPILATION_MODE = wholemodule;
				SWIFT_OPTIMIZATION_LEVEL = "-O";
				VALIDATE_PRODUCT = YES;
			};
			name = Release;
		};
		BB3F74A723BA578C00C46E00 /* Debug */ = {
			isa = XCBuildConfiguration;
			buildSettings = {
				ASSETCATALOG_COMPILER_APPICON_NAME = AppIcon;
				CODE_SIGN_IDENTITY = "Apple Development";
				CODE_SIGN_STYLE = Automatic;
				DEVELOPMENT_TEAM = 695P6D89C6;
				INFOPLIST_FILE = "ROK Transport Rate/Info.plist";
				IPHONEOS_DEPLOYMENT_TARGET = 14.0;
				LD_RUNPATH_SEARCH_PATHS = (
					"$(inherited)",
					"@executable_path/Frameworks",
				);
				PRODUCT_BUNDLE_IDENTIFIER = "com.ROK-Transport-Rate";
				PRODUCT_NAME = "$(TARGET_NAME)";
				PROVISIONING_PROFILE_SPECIFIER = "";
				SWIFT_VERSION = 5.0;
				TARGETED_DEVICE_FAMILY = 1;
			};
			name = Debug;
		};
		BB3F74A823BA578C00C46E00 /* Release */ = {
			isa = XCBuildConfiguration;
			buildSettings = {
				ASSETCATALOG_COMPILER_APPICON_NAME = AppIcon;
				CODE_SIGN_IDENTITY = "Apple Development";
				CODE_SIGN_STYLE = Automatic;
				DEVELOPMENT_TEAM = 695P6D89C6;
				INFOPLIST_FILE = "ROK Transport Rate/Info.plist";
				IPHONEOS_DEPLOYMENT_TARGET = 14.0;
				LD_RUNPATH_SEARCH_PATHS = (
					"$(inherited)",
					"@executable_path/Frameworks",
				);
				PRODUCT_BUNDLE_IDENTIFIER = "com.ROK-Transport-Rate";
				PRODUCT_NAME = "$(TARGET_NAME)";
				PROVISIONING_PROFILE_SPECIFIER = "";
				SWIFT_VERSION = 5.0;
				TARGETED_DEVICE_FAMILY = 1;
			};
			name = Release;
		};
/* End XCBuildConfiguration section */

/* Begin XCConfigurationList section */
		BB3F748D23BA578A00C46E00 /* Build configuration list for PBXProject "ROK Transport Rate" */ = {
			isa = XCConfigurationList;
			buildConfigurations = (
				BB3F74A423BA578C00C46E00 /* Debug */,
				BB3F74A523BA578C00C46E00 /* Release */,
			);
			defaultConfigurationIsVisible = 0;
			defaultConfigurationName = Release;
		};
		BB3F74A623BA578C00C46E00 /* Build configuration list for PBXNativeTarget "ROK Transport Rate" */ = {
			isa = XCConfigurationList;
			buildConfigurations = (
				BB3F74A723BA578C00C46E00 /* Debug */,
				BB3F74A823BA578C00C46E00 /* Release */,
			);
			defaultConfigurationIsVisible = 0;
			defaultConfigurationName = Release;
		};
/* End XCConfigurationList section */
	};
	rootObject = BB3F748A23BA578A00C46E00 /* Project object */;
}
